
Microsoft Visual Studio Solution File, Format Version 12.00
# Visual Studio Version 16
VisualStudioVersion = 16.0.30709.132
MinimumVisualStudioVersion = 10.0.40219.1
Project("{FAE04EC0-301F-11D3-BF4B-00C04F79EFBC}") = "PervichStatAnalys", "PervichStatAnalys\PervichStatAnalys.csproj", "{B5D06B0C-5CA8-408E-991C-4FB2783034BC}"
EndProject
Global
	GlobalSection(SolutionConfigurationPlatforms) = preSolution
		Debug|Any CPU = Debug|Any CPU
		Release|Any CPU = Release|Any CPU
	EndGlobalSection
	GlobalSection(ProjectConfigurationPlatforms) = postSolution
		{B5D06B0C-5CA8-408E-991C-4FB2783034BC}.Debug|Any CPU.ActiveCfg = Debug|Any CPU
		{B5D06B0C-5CA8-408E-991C-4FB2783034BC}.Debug|Any CPU.Build.0 = Debug|Any CPU
		{B5D06B0C-5CA8-408E-991C-4FB2783034BC}.Release|Any CPU.ActiveCfg = Release|Any CPU
		{B5D06B0C-5CA8-408E-991C-4FB2783034BC}.Release|Any CPU.Build.0 = Release|Any CPU
	EndGlobalSection
	GlobalSection(SolutionProperties) = preSolution
		HideSolutionNode = FALSE
	EndGlobalSection
	GlobalSection(ExtensibilityGlobals) = postSolution
		SolutionGuid = {6EC27204-C747-4862-A8E8-C5EA4A90824A}
	EndGlobalSection
EndGlobal
